
Microsoft Visual Studio Solution File, Format Version 12.00
# Visual Studio Version 17
VisualStudioVersion = 17.14.36623.8 d17.14
MinimumVisualStudioVersion = 10.0.40219.1
Project("{8BC9CEB8-8B4A-11D0-8D11-00A0C91BC942}") = "docker_teste", "docker_teste\docker_teste.vcxproj", "{A298DE2F-F206-4017-AFBB-610C99E7A8F5}"
EndProject
Project("{2150E333-8FDC-42A3-9474-1A3956D46DE8}") = "src", "src", "{02EA681E-C7D8-13C7-8484-4AC65E1B71E8}"
	ProjectSection(SolutionItems) = preProject
		main.cpp = main.cpp
		Systeminfo.cpp = Systeminfo.cpp
		SystemInfo.h = SystemInfo.h
	EndProjectSection
EndProject
Global
	GlobalSection(SolutionConfigurationPlatforms) = preSolution
		Debug|x64 = Debug|x64
		Debug|x86 = Debug|x86
		Release|x64 = Release|x64
		Release|x86 = Release|x86
	EndGlobalSection
	GlobalSection(ProjectConfigurationPlatforms) = postSolution
		{A298DE2F-F206-4017-AFBB-610C99E7A8F5}.Debug|x64.ActiveCfg = Debug|x64
		{A298DE2F-F206-4017-AFBB-610C99E7A8F5}.Debug|x64.Build.0 = Debug|x64
		{A298DE2F-F206-4017-AFBB-610C99E7A8F5}.Debug|x86.ActiveCfg = Debug|Win32
		{A298DE2F-F206-4017-AFBB-610C99E7A8F5}.Debug|x86.Build.0 = Debug|Win32
		{A298DE2F-F206-4017-AFBB-610C99E7A8F5}.Release|x64.ActiveCfg = Release|x64
		{A298DE2F-F206-4017-AFBB-610C99E7A8F5}.Release|x64.Build.0 = Release|x64
		{A298DE2F-F206-4017-AFBB-610C99E7A8F5}.Release|x86.ActiveCfg = Release|Win32
		{A298DE2F-F206-4017-AFBB-610C99E7A8F5}.Release|x86.Build.0 = Release|Win32
	EndGlobalSection
	GlobalSection(SolutionProperties) = preSolution
		HideSolutionNode = FALSE
	EndGlobalSection
	GlobalSection(ExtensibilityGlobals) = postSolution
		SolutionGuid = {9980560A-94C4-4193-9437-90270C3AD03C}
	EndGlobalSection
EndGlobal
